
Microsoft Visual Studio Solution File, Format Version 12.00
# Visual Studio 2013
VisualStudioVersion = 12.0.30501.0
MinimumVisualStudioVersion = 10.0.40219.1
Project("{FAE04EC0-301F-11D3-BF4B-00C04F79EFBC}") = "MSBuildCustomTasks", "MSBuildCustomTasks.csproj", "{561C1810-6BD9-41E3-85F1-75F603B7A710}"
EndProject
Global
	GlobalSection(SolutionConfigurationPlatforms) = preSolution
		Debug|Any CPU = Debug|Any CPU
		Release|Any CPU = Release|Any CPU
	EndGlobalSection
	GlobalSection(ProjectConfigurationPlatforms) = postSolution
		{561C1810-6BD9-41E3-85F1-75F603B7A710}.Debug|Any CPU.ActiveCfg = Debug|Any CPU
		{561C1810-6BD9-41E3-85F1-75F603B7A710}.Debug|Any CPU.Build.0 = Debug|Any CPU
		{561C1810-6BD9-41E3-85F1-75F603B7A710}.Release|Any CPU.ActiveCfg = Release|Any CPU
		{561C1810-6BD9-41E3-85F1-75F603B7A710}.Release|Any CPU.Build.0 = Release|Any CPU
	EndGlobalSection
	GlobalSection(SolutionProperties) = preSolution
		HideSolutionNode = FALSE
	EndGlobalSection
EndGlobal
