
Microsoft Visual Studio Solution File, Format Version 12.00
# Visual Studio 15
VisualStudioVersion = 15.0.27130.2020
MinimumVisualStudioVersion = 10.0.40219.1
Project("{9A19103F-16F7-4668-BE54-9A1E7A4F7556}") = "NCmdLiner.NETSTANDARD16", "src\NCmdLiner\NCmdLiner.NETSTANDARD16.csproj", "{F4327E47-6319-4271-AA77-3619683D8F6B}"
EndProject
Project("{9A19103F-16F7-4668-BE54-9A1E7A4F7556}") = "NCmdLiner.Tests.NETSTANDARD16", "test\NCmdLiner.Tests\NCmdLiner.Tests.NETSTANDARD16.csproj", "{F7375DBB-26F2-4FEE-A435-997D3B45E095}"
EndProject
Global
	GlobalSection(SolutionConfigurationPlatforms) = preSolution
		Debug|Any CPU = Debug|Any CPU
		Release|Any CPU = Release|Any CPU
	EndGlobalSection
	GlobalSection(ProjectConfigurationPlatforms) = postSolution
		{F4327E47-6319-4271-AA77-3619683D8F6B}.Debug|Any CPU.ActiveCfg = Debug|Any CPU
		{F4327E47-6319-4271-AA77-3619683D8F6B}.Debug|Any CPU.Build.0 = Debug|Any CPU
		{F4327E47-6319-4271-AA77-3619683D8F6B}.Release|Any CPU.ActiveCfg = Release|Any CPU
		{F4327E47-6319-4271-AA77-3619683D8F6B}.Release|Any CPU.Build.0 = Release|Any CPU
		{F7375DBB-26F2-4FEE-A435-997D3B45E095}.Debug|Any CPU.ActiveCfg = Debug|Any CPU
		{F7375DBB-26F2-4FEE-A435-997D3B45E095}.Debug|Any CPU.Build.0 = Debug|Any CPU
		{F7375DBB-26F2-4FEE-A435-997D3B45E095}.Release|Any CPU.ActiveCfg = Release|Any CPU
		{F7375DBB-26F2-4FEE-A435-997D3B45E095}.Release|Any CPU.Build.0 = Release|Any CPU
	EndGlobalSection
	GlobalSection(SolutionProperties) = preSolution
		HideSolutionNode = FALSE
	EndGlobalSection
	GlobalSection(ExtensibilityGlobals) = postSolution
		SolutionGuid = {6DBC2E34-AD0B-4BB7-90EF-BE9C8A4BA1E9}
	EndGlobalSection
EndGlobal
