
Microsoft Visual Studio Solution File, Format Version 12.00
# Visual Studio 15
VisualStudioVersion = 15.0.27130.2020
MinimumVisualStudioVersion = 10.0.40219.1
Project("{9A19103F-16F7-4668-BE54-9A1E7A4F7556}") = "NCmdLiner.NETCOREAPP11", "src\NCmdLiner\NCmdLiner.NETCOREAPP11.csproj", "{6165A8C1-4AD8-4653-96D5-4D5297F2367D}"
EndProject
Project("{9A19103F-16F7-4668-BE54-9A1E7A4F7556}") = "NCmdLiner.Tests.NETCOREAPP11", "test\NCmdLiner.Tests\NCmdLiner.Tests.NETCOREAPP11.csproj", "{80D1D937-3E5F-431F-AFC6-17AC69D9B9CA}"
EndProject
Global
	GlobalSection(SolutionConfigurationPlatforms) = preSolution
		Debug|Any CPU = Debug|Any CPU
		Release|Any CPU = Release|Any CPU
	EndGlobalSection
	GlobalSection(ProjectConfigurationPlatforms) = postSolution
		{6165A8C1-4AD8-4653-96D5-4D5297F2367D}.Debug|Any CPU.ActiveCfg = Debug|Any CPU
		{6165A8C1-4AD8-4653-96D5-4D5297F2367D}.Debug|Any CPU.Build.0 = Debug|Any CPU
		{6165A8C1-4AD8-4653-96D5-4D5297F2367D}.Release|Any CPU.ActiveCfg = Release|Any CPU
		{6165A8C1-4AD8-4653-96D5-4D5297F2367D}.Release|Any CPU.Build.0 = Release|Any CPU
		{80D1D937-3E5F-431F-AFC6-17AC69D9B9CA}.Debug|Any CPU.ActiveCfg = Debug|Any CPU
		{80D1D937-3E5F-431F-AFC6-17AC69D9B9CA}.Debug|Any CPU.Build.0 = Debug|Any CPU
		{80D1D937-3E5F-431F-AFC6-17AC69D9B9CA}.Release|Any CPU.ActiveCfg = Release|Any CPU
		{80D1D937-3E5F-431F-AFC6-17AC69D9B9CA}.Release|Any CPU.Build.0 = Release|Any CPU
	EndGlobalSection
	GlobalSection(SolutionProperties) = preSolution
		HideSolutionNode = FALSE
	EndGlobalSection
	GlobalSection(ExtensibilityGlobals) = postSolution
		SolutionGuid = {6DBC2E34-AD0B-4BB7-90EF-BE9C8A4BA1E9}
	EndGlobalSection
EndGlobal
