
Microsoft Visual Studio Solution File, Format Version 12.00
# Visual Studio 15
VisualStudioVersion = 15.0.27130.2020
MinimumVisualStudioVersion = 10.0.40219.1
Project("{FAE04EC0-301F-11D3-BF4B-00C04F79EFBC}") = "NCmdLiner.NET452", "src\NCmdLiner\NCmdLiner.NET452.csproj", "{7C4530C3-D382-415B-81BD-A24AF7C1860E}"
EndProject
Project("{FAE04EC0-301F-11D3-BF4B-00C04F79EFBC}") = "NCmdLiner.Tests.NET452", "test\NCmdLiner.Tests\NCmdLiner.Tests.NET452.csproj", "{A2FDF573-1247-4A28-A25F-E18E343044F7}"
EndProject
Global
	GlobalSection(SolutionConfigurationPlatforms) = preSolution
		Debug|Any CPU = Debug|Any CPU
		Release|Any CPU = Release|Any CPU
	EndGlobalSection
	GlobalSection(ProjectConfigurationPlatforms) = postSolution
		{7C4530C3-D382-415B-81BD-A24AF7C1860E}.Debug|Any CPU.ActiveCfg = Debug|Any CPU
		{7C4530C3-D382-415B-81BD-A24AF7C1860E}.Debug|Any CPU.Build.0 = Debug|Any CPU
		{7C4530C3-D382-415B-81BD-A24AF7C1860E}.Release|Any CPU.ActiveCfg = Release|Any CPU
		{7C4530C3-D382-415B-81BD-A24AF7C1860E}.Release|Any CPU.Build.0 = Release|Any CPU
		{A2FDF573-1247-4A28-A25F-E18E343044F7}.Debug|Any CPU.ActiveCfg = Debug|Any CPU
		{A2FDF573-1247-4A28-A25F-E18E343044F7}.Debug|Any CPU.Build.0 = Debug|Any CPU
		{A2FDF573-1247-4A28-A25F-E18E343044F7}.Release|Any CPU.ActiveCfg = Release|Any CPU
		{A2FDF573-1247-4A28-A25F-E18E343044F7}.Release|Any CPU.Build.0 = Release|Any CPU
	EndGlobalSection
	GlobalSection(SolutionProperties) = preSolution
		HideSolutionNode = FALSE
	EndGlobalSection
	GlobalSection(ExtensibilityGlobals) = postSolution
		SolutionGuid = {B82A58D4-0801-49C4-AA29-98B633DE7ED2}
	EndGlobalSection
EndGlobal
