
Microsoft Visual Studio Solution File, Format Version 12.00
# Visual Studio 15
VisualStudioVersion = 15.0.27130.2020
MinimumVisualStudioVersion = 10.0.40219.1
Project("{9A19103F-16F7-4668-BE54-9A1E7A4F7556}") = "NCmdLiner.NET35", "src\NCmdLiner\NCmdLiner.NET35.csproj", "{8D5E22B5-3867-4CCF-ADFC-1E118D19825D}"
EndProject
Project("{9A19103F-16F7-4668-BE54-9A1E7A4F7556}") = "NCmdLiner.Tests.NET35", "test\NCmdLiner.Tests\NCmdLiner.Tests.NET35.csproj", "{4AEC4830-2AD8-4525-A1BD-3A1C89E475BF}"
EndProject
Global
	GlobalSection(SolutionConfigurationPlatforms) = preSolution
		Debug|Any CPU = Debug|Any CPU
		Release|Any CPU = Release|Any CPU
	EndGlobalSection
	GlobalSection(ProjectConfigurationPlatforms) = postSolution
		{8D5E22B5-3867-4CCF-ADFC-1E118D19825D}.Debug|Any CPU.ActiveCfg = Debug|Any CPU
		{8D5E22B5-3867-4CCF-ADFC-1E118D19825D}.Debug|Any CPU.Build.0 = Debug|Any CPU
		{8D5E22B5-3867-4CCF-ADFC-1E118D19825D}.Release|Any CPU.ActiveCfg = Release|Any CPU
		{8D5E22B5-3867-4CCF-ADFC-1E118D19825D}.Release|Any CPU.Build.0 = Release|Any CPU
		{4AEC4830-2AD8-4525-A1BD-3A1C89E475BF}.Debug|Any CPU.ActiveCfg = Debug|Any CPU
		{4AEC4830-2AD8-4525-A1BD-3A1C89E475BF}.Debug|Any CPU.Build.0 = Debug|Any CPU
		{4AEC4830-2AD8-4525-A1BD-3A1C89E475BF}.Release|Any CPU.ActiveCfg = Release|Any CPU
		{4AEC4830-2AD8-4525-A1BD-3A1C89E475BF}.Release|Any CPU.Build.0 = Release|Any CPU
	EndGlobalSection
	GlobalSection(SolutionProperties) = preSolution
		HideSolutionNode = FALSE
	EndGlobalSection
	GlobalSection(ExtensibilityGlobals) = postSolution
		SolutionGuid = {6DBC2E34-AD0B-4BB7-90EF-BE9C8A4BA1E9}
	EndGlobalSection
EndGlobal
