
Microsoft Visual Studio Solution File, Format Version 12.00
# Visual Studio 14
VisualStudioVersion = 14.0.25420.1
MinimumVisualStudioVersion = 10.0.40219.1
Project("{2150E333-8FDC-42A3-9474-1A3956D46DE8}") = "src", "src", "{C07DBAF5-A8BF-4B55-9852-AEC07D205394}"
EndProject
Project("{2150E333-8FDC-42A3-9474-1A3956D46DE8}") = "test", "test", "{B7BC3343-5C02-4CBE-96B6-883551FB72E3}"
EndProject
Project("{FAE04EC0-301F-11D3-BF4B-00C04F79EFBC}") = "NCmdLiner.NET461", "src\NCmdLiner\NCmdLiner.NET461.csproj", "{26E44F12-6320-4BFD-9EE0-DE6A9AB95758}"
EndProject
Project("{FAE04EC0-301F-11D3-BF4B-00C04F79EFBC}") = "NCmdLiner.Tests.NET461", "test\NCmdLiner.Tests\NCmdLiner.Tests.NET461.csproj", "{8D2D7823-CE54-485C-8962-E9ADA1FB23C2}"
EndProject
Global
	GlobalSection(SolutionConfigurationPlatforms) = preSolution
		Debug|Any CPU = Debug|Any CPU
		Release|Any CPU = Release|Any CPU
	EndGlobalSection
	GlobalSection(ProjectConfigurationPlatforms) = postSolution
		{26E44F12-6320-4BFD-9EE0-DE6A9AB95758}.Debug|Any CPU.ActiveCfg = Debug|Any CPU
		{26E44F12-6320-4BFD-9EE0-DE6A9AB95758}.Debug|Any CPU.Build.0 = Debug|Any CPU
		{26E44F12-6320-4BFD-9EE0-DE6A9AB95758}.Release|Any CPU.ActiveCfg = Release|Any CPU
		{26E44F12-6320-4BFD-9EE0-DE6A9AB95758}.Release|Any CPU.Build.0 = Release|Any CPU
		{8D2D7823-CE54-485C-8962-E9ADA1FB23C2}.Debug|Any CPU.ActiveCfg = Debug|Any CPU
		{8D2D7823-CE54-485C-8962-E9ADA1FB23C2}.Debug|Any CPU.Build.0 = Debug|Any CPU
		{8D2D7823-CE54-485C-8962-E9ADA1FB23C2}.Release|Any CPU.ActiveCfg = Release|Any CPU
		{8D2D7823-CE54-485C-8962-E9ADA1FB23C2}.Release|Any CPU.Build.0 = Release|Any CPU
	EndGlobalSection
	GlobalSection(SolutionProperties) = preSolution
		HideSolutionNode = FALSE
	EndGlobalSection
	GlobalSection(NestedProjects) = preSolution
		{26E44F12-6320-4BFD-9EE0-DE6A9AB95758} = {C07DBAF5-A8BF-4B55-9852-AEC07D205394}
		{8D2D7823-CE54-485C-8962-E9ADA1FB23C2} = {B7BC3343-5C02-4CBE-96B6-883551FB72E3}
	EndGlobalSection
EndGlobal
