
Microsoft Visual Studio Solution File, Format Version 12.00
# Visual Studio 15
VisualStudioVersion = 15.0.26730.12
MinimumVisualStudioVersion = 10.0.40219.1
Project("{2150E333-8FDC-42A3-9474-1A3956D46DE8}") = "src", "src", "{C07DBAF5-A8BF-4B55-9852-AEC07D205394}"
EndProject
Project("{2150E333-8FDC-42A3-9474-1A3956D46DE8}") = "test", "test", "{B7BC3343-5C02-4CBE-96B6-883551FB72E3}"
EndProject
Project("{9A19103F-16F7-4668-BE54-9A1E7A4F7556}") = "NCmdLiner.NET461", "src\NCmdLiner\NCmdLiner.NET461.csproj", "{26E44F12-6320-4BFD-9EE0-DE6A9AB95758}"
EndProject
Project("{9A19103F-16F7-4668-BE54-9A1E7A4F7556}") = "NCmdLiner.Tests.NET461", "test\NCmdLiner.Tests\NCmdLiner.Tests.NET461.csproj", "{8D2D7823-CE54-485C-8962-E9ADA1FB23C2}"
EndProject
Project("{9A19103F-16F7-4668-BE54-9A1E7A4F7556}") = "NCmdLiner.NET452", "src\NCmdLiner\NCmdLiner.NET452.csproj", "{165A427B-649D-4C35-B7E7-B19A8BEE94BA}"
EndProject
Project("{9A19103F-16F7-4668-BE54-9A1E7A4F7556}") = "NCmdLiner.Tests.NET452", "test\NCmdLiner.Tests\NCmdLiner.Tests.NET452.csproj", "{6106A982-BC99-41A5-B85D-A6D6722F769D}"
EndProject
Project("{9A19103F-16F7-4668-BE54-9A1E7A4F7556}") = "NCmdLiner.NET35", "src\NCmdLiner\NCmdLiner.NET35.csproj", "{8D5E22B5-3867-4CCF-ADFC-1E118D19825D}"
EndProject
Project("{9A19103F-16F7-4668-BE54-9A1E7A4F7556}") = "NCmdLiner.NET45MONO", "src\NCmdLiner\NCmdLiner.NET45MONO.csproj", "{D6FD8471-ADE1-4F89-84F2-1D0209133107}"
EndProject
Project("{9A19103F-16F7-4668-BE54-9A1E7A4F7556}") = "NCmdLiner.Tests.NET35", "test\NCmdLiner.Tests\NCmdLiner.Tests.NET35.csproj", "{4AEC4830-2AD8-4525-A1BD-3A1C89E475BF}"
EndProject
Project("{9A19103F-16F7-4668-BE54-9A1E7A4F7556}") = "NCmdLiner.Tests.NET45MONO", "test\NCmdLiner.Tests\NCmdLiner.Tests.NET45MONO.csproj", "{0BAC3A43-CA14-498A-897C-D100C5F45F5F}"
EndProject
Project("{9A19103F-16F7-4668-BE54-9A1E7A4F7556}") = "NCmdLiner.NET462", "src\NCmdLiner\NCmdLiner.NET462.csproj", "{25DD4501-7171-4D09-A469-D7D223616ED7}"
EndProject
Project("{9A19103F-16F7-4668-BE54-9A1E7A4F7556}") = "NCmdLiner.Tests.NET462", "test\NCmdLiner.Tests\NCmdLiner.Tests.NET462.csproj", "{AEF5B4C7-A8BA-400C-BBF1-EE46C50E5486}"
EndProject
Project("{9A19103F-16F7-4668-BE54-9A1E7A4F7556}") = "NCmdLiner.NETCOREAPP10", "src\NCmdLiner\NCmdLiner.NETCOREAPP10.csproj", "{A0C0EC96-86F9-4B9B-80DA-FA20A09A6753}"
EndProject
Project("{9A19103F-16F7-4668-BE54-9A1E7A4F7556}") = "NCmdLiner.NETCOREAPP11", "src\NCmdLiner\NCmdLiner.NETCOREAPP11.csproj", "{8A51F6AE-E180-4F2E-9342-C74004668D6A}"
EndProject
Project("{9A19103F-16F7-4668-BE54-9A1E7A4F7556}") = "NCmdLiner.NETCOREAPP20", "src\NCmdLiner\NCmdLiner.NETCOREAPP20.csproj", "{549B6CF4-4B91-4B55-9C80-C024B4A22CC2}"
EndProject
Project("{9A19103F-16F7-4668-BE54-9A1E7A4F7556}") = "NCmdLiner.Tests.NETCOREAPP10", "test\NCmdLiner.Tests\NCmdLiner.Tests.NETCOREAPP10.csproj", "{61270D69-07FD-414A-937C-16CC11A9BEE0}"
EndProject
Project("{9A19103F-16F7-4668-BE54-9A1E7A4F7556}") = "NCmdLiner.Tests.NETCOREAPP11", "test\NCmdLiner.Tests\NCmdLiner.Tests.NETCOREAPP11.csproj", "{25CBC7CA-3950-432A-AA70-95DBDC506C31}"
EndProject
Project("{9A19103F-16F7-4668-BE54-9A1E7A4F7556}") = "NCmdLiner.Tests.NETCOREAPP20", "test\NCmdLiner.Tests\NCmdLiner.Tests.NETCOREAPP20.csproj", "{2694A598-7F03-4F13-B322-19B83888330D}"
EndProject
Global
	GlobalSection(SolutionConfigurationPlatforms) = preSolution
		Debug|Any CPU = Debug|Any CPU
		Release|Any CPU = Release|Any CPU
	EndGlobalSection
	GlobalSection(ProjectConfigurationPlatforms) = postSolution
		{26E44F12-6320-4BFD-9EE0-DE6A9AB95758}.Debug|Any CPU.ActiveCfg = Debug|Any CPU
		{26E44F12-6320-4BFD-9EE0-DE6A9AB95758}.Debug|Any CPU.Build.0 = Debug|Any CPU
		{26E44F12-6320-4BFD-9EE0-DE6A9AB95758}.Release|Any CPU.ActiveCfg = Release|Any CPU
		{26E44F12-6320-4BFD-9EE0-DE6A9AB95758}.Release|Any CPU.Build.0 = Release|Any CPU
		{8D2D7823-CE54-485C-8962-E9ADA1FB23C2}.Debug|Any CPU.ActiveCfg = Debug|Any CPU
		{8D2D7823-CE54-485C-8962-E9ADA1FB23C2}.Debug|Any CPU.Build.0 = Debug|Any CPU
		{8D2D7823-CE54-485C-8962-E9ADA1FB23C2}.Release|Any CPU.ActiveCfg = Release|Any CPU
		{8D2D7823-CE54-485C-8962-E9ADA1FB23C2}.Release|Any CPU.Build.0 = Release|Any CPU
		{165A427B-649D-4C35-B7E7-B19A8BEE94BA}.Debug|Any CPU.ActiveCfg = Debug|Any CPU
		{165A427B-649D-4C35-B7E7-B19A8BEE94BA}.Debug|Any CPU.Build.0 = Debug|Any CPU
		{165A427B-649D-4C35-B7E7-B19A8BEE94BA}.Release|Any CPU.ActiveCfg = Release|Any CPU
		{165A427B-649D-4C35-B7E7-B19A8BEE94BA}.Release|Any CPU.Build.0 = Release|Any CPU
		{6106A982-BC99-41A5-B85D-A6D6722F769D}.Debug|Any CPU.ActiveCfg = Debug|Any CPU
		{6106A982-BC99-41A5-B85D-A6D6722F769D}.Debug|Any CPU.Build.0 = Debug|Any CPU
		{6106A982-BC99-41A5-B85D-A6D6722F769D}.Release|Any CPU.ActiveCfg = Release|Any CPU
		{6106A982-BC99-41A5-B85D-A6D6722F769D}.Release|Any CPU.Build.0 = Release|Any CPU
		{8D5E22B5-3867-4CCF-ADFC-1E118D19825D}.Debug|Any CPU.ActiveCfg = Debug|Any CPU
		{8D5E22B5-3867-4CCF-ADFC-1E118D19825D}.Debug|Any CPU.Build.0 = Debug|Any CPU
		{8D5E22B5-3867-4CCF-ADFC-1E118D19825D}.Release|Any CPU.ActiveCfg = Release|Any CPU
		{8D5E22B5-3867-4CCF-ADFC-1E118D19825D}.Release|Any CPU.Build.0 = Release|Any CPU
		{D6FD8471-ADE1-4F89-84F2-1D0209133107}.Debug|Any CPU.ActiveCfg = Debug|Any CPU
		{D6FD8471-ADE1-4F89-84F2-1D0209133107}.Debug|Any CPU.Build.0 = Debug|Any CPU
		{D6FD8471-ADE1-4F89-84F2-1D0209133107}.Release|Any CPU.ActiveCfg = Release|Any CPU
		{D6FD8471-ADE1-4F89-84F2-1D0209133107}.Release|Any CPU.Build.0 = Release|Any CPU
		{4AEC4830-2AD8-4525-A1BD-3A1C89E475BF}.Debug|Any CPU.ActiveCfg = Debug|Any CPU
		{4AEC4830-2AD8-4525-A1BD-3A1C89E475BF}.Debug|Any CPU.Build.0 = Debug|Any CPU
		{4AEC4830-2AD8-4525-A1BD-3A1C89E475BF}.Release|Any CPU.ActiveCfg = Release|Any CPU
		{4AEC4830-2AD8-4525-A1BD-3A1C89E475BF}.Release|Any CPU.Build.0 = Release|Any CPU
		{0BAC3A43-CA14-498A-897C-D100C5F45F5F}.Debug|Any CPU.ActiveCfg = Debug|Any CPU
		{0BAC3A43-CA14-498A-897C-D100C5F45F5F}.Debug|Any CPU.Build.0 = Debug|Any CPU
		{0BAC3A43-CA14-498A-897C-D100C5F45F5F}.Release|Any CPU.ActiveCfg = Release|Any CPU
		{0BAC3A43-CA14-498A-897C-D100C5F45F5F}.Release|Any CPU.Build.0 = Release|Any CPU
		{25DD4501-7171-4D09-A469-D7D223616ED7}.Debug|Any CPU.ActiveCfg = Debug|Any CPU
		{25DD4501-7171-4D09-A469-D7D223616ED7}.Debug|Any CPU.Build.0 = Debug|Any CPU
		{25DD4501-7171-4D09-A469-D7D223616ED7}.Release|Any CPU.ActiveCfg = Release|Any CPU
		{25DD4501-7171-4D09-A469-D7D223616ED7}.Release|Any CPU.Build.0 = Release|Any CPU
		{AEF5B4C7-A8BA-400C-BBF1-EE46C50E5486}.Debug|Any CPU.ActiveCfg = Debug|Any CPU
		{AEF5B4C7-A8BA-400C-BBF1-EE46C50E5486}.Debug|Any CPU.Build.0 = Debug|Any CPU
		{AEF5B4C7-A8BA-400C-BBF1-EE46C50E5486}.Release|Any CPU.ActiveCfg = Release|Any CPU
		{AEF5B4C7-A8BA-400C-BBF1-EE46C50E5486}.Release|Any CPU.Build.0 = Release|Any CPU
		{A0C0EC96-86F9-4B9B-80DA-FA20A09A6753}.Debug|Any CPU.ActiveCfg = Debug|Any CPU
		{A0C0EC96-86F9-4B9B-80DA-FA20A09A6753}.Debug|Any CPU.Build.0 = Debug|Any CPU
		{A0C0EC96-86F9-4B9B-80DA-FA20A09A6753}.Release|Any CPU.ActiveCfg = Release|Any CPU
		{A0C0EC96-86F9-4B9B-80DA-FA20A09A6753}.Release|Any CPU.Build.0 = Release|Any CPU
		{8A51F6AE-E180-4F2E-9342-C74004668D6A}.Debug|Any CPU.ActiveCfg = Debug|Any CPU
		{8A51F6AE-E180-4F2E-9342-C74004668D6A}.Debug|Any CPU.Build.0 = Debug|Any CPU
		{8A51F6AE-E180-4F2E-9342-C74004668D6A}.Release|Any CPU.ActiveCfg = Release|Any CPU
		{8A51F6AE-E180-4F2E-9342-C74004668D6A}.Release|Any CPU.Build.0 = Release|Any CPU
		{549B6CF4-4B91-4B55-9C80-C024B4A22CC2}.Debug|Any CPU.ActiveCfg = Debug|Any CPU
		{549B6CF4-4B91-4B55-9C80-C024B4A22CC2}.Debug|Any CPU.Build.0 = Debug|Any CPU
		{549B6CF4-4B91-4B55-9C80-C024B4A22CC2}.Release|Any CPU.ActiveCfg = Release|Any CPU
		{549B6CF4-4B91-4B55-9C80-C024B4A22CC2}.Release|Any CPU.Build.0 = Release|Any CPU
		{61270D69-07FD-414A-937C-16CC11A9BEE0}.Debug|Any CPU.ActiveCfg = Debug|Any CPU
		{61270D69-07FD-414A-937C-16CC11A9BEE0}.Debug|Any CPU.Build.0 = Debug|Any CPU
		{61270D69-07FD-414A-937C-16CC11A9BEE0}.Release|Any CPU.ActiveCfg = Release|Any CPU
		{61270D69-07FD-414A-937C-16CC11A9BEE0}.Release|Any CPU.Build.0 = Release|Any CPU
		{25CBC7CA-3950-432A-AA70-95DBDC506C31}.Debug|Any CPU.ActiveCfg = Debug|Any CPU
		{25CBC7CA-3950-432A-AA70-95DBDC506C31}.Debug|Any CPU.Build.0 = Debug|Any CPU
		{25CBC7CA-3950-432A-AA70-95DBDC506C31}.Release|Any CPU.ActiveCfg = Release|Any CPU
		{25CBC7CA-3950-432A-AA70-95DBDC506C31}.Release|Any CPU.Build.0 = Release|Any CPU
		{2694A598-7F03-4F13-B322-19B83888330D}.Debug|Any CPU.ActiveCfg = Debug|Any CPU
		{2694A598-7F03-4F13-B322-19B83888330D}.Debug|Any CPU.Build.0 = Debug|Any CPU
		{2694A598-7F03-4F13-B322-19B83888330D}.Release|Any CPU.ActiveCfg = Release|Any CPU
		{2694A598-7F03-4F13-B322-19B83888330D}.Release|Any CPU.Build.0 = Release|Any CPU
	EndGlobalSection
	GlobalSection(SolutionProperties) = preSolution
		HideSolutionNode = FALSE
	EndGlobalSection
	GlobalSection(NestedProjects) = preSolution
		{26E44F12-6320-4BFD-9EE0-DE6A9AB95758} = {C07DBAF5-A8BF-4B55-9852-AEC07D205394}
		{8D2D7823-CE54-485C-8962-E9ADA1FB23C2} = {B7BC3343-5C02-4CBE-96B6-883551FB72E3}
		{165A427B-649D-4C35-B7E7-B19A8BEE94BA} = {C07DBAF5-A8BF-4B55-9852-AEC07D205394}
		{6106A982-BC99-41A5-B85D-A6D6722F769D} = {B7BC3343-5C02-4CBE-96B6-883551FB72E3}
		{8D5E22B5-3867-4CCF-ADFC-1E118D19825D} = {C07DBAF5-A8BF-4B55-9852-AEC07D205394}
		{D6FD8471-ADE1-4F89-84F2-1D0209133107} = {C07DBAF5-A8BF-4B55-9852-AEC07D205394}
		{4AEC4830-2AD8-4525-A1BD-3A1C89E475BF} = {B7BC3343-5C02-4CBE-96B6-883551FB72E3}
		{0BAC3A43-CA14-498A-897C-D100C5F45F5F} = {B7BC3343-5C02-4CBE-96B6-883551FB72E3}
		{25DD4501-7171-4D09-A469-D7D223616ED7} = {C07DBAF5-A8BF-4B55-9852-AEC07D205394}
		{AEF5B4C7-A8BA-400C-BBF1-EE46C50E5486} = {B7BC3343-5C02-4CBE-96B6-883551FB72E3}
		{A0C0EC96-86F9-4B9B-80DA-FA20A09A6753} = {C07DBAF5-A8BF-4B55-9852-AEC07D205394}
		{8A51F6AE-E180-4F2E-9342-C74004668D6A} = {C07DBAF5-A8BF-4B55-9852-AEC07D205394}
		{549B6CF4-4B91-4B55-9C80-C024B4A22CC2} = {C07DBAF5-A8BF-4B55-9852-AEC07D205394}
		{61270D69-07FD-414A-937C-16CC11A9BEE0} = {B7BC3343-5C02-4CBE-96B6-883551FB72E3}
		{25CBC7CA-3950-432A-AA70-95DBDC506C31} = {B7BC3343-5C02-4CBE-96B6-883551FB72E3}
		{2694A598-7F03-4F13-B322-19B83888330D} = {B7BC3343-5C02-4CBE-96B6-883551FB72E3}
	EndGlobalSection
	GlobalSection(ExtensibilityGlobals) = postSolution
		SolutionGuid = {606CD35E-91C8-4009-B3A1-735C8935ACEA}
	EndGlobalSection
EndGlobal
