
Microsoft Visual Studio Solution File, Format Version 12.00
# Visual Studio 15
VisualStudioVersion = 15.0.27130.2020
MinimumVisualStudioVersion = 10.0.40219.1
Project("{9A19103F-16F7-4668-BE54-9A1E7A4F7556}") = "NCmdLiner.NETCOREAPP20", "src\NCmdLiner\NCmdLiner.NETCOREAPP20.csproj", "{719F6077-127D-449C-A028-0D37AEC88577}"
EndProject
Project("{9A19103F-16F7-4668-BE54-9A1E7A4F7556}") = "NCmdLiner.Tests.NETCOREAPP20", "test\NCmdLiner.Tests\NCmdLiner.Tests.NETCOREAPP20.csproj", "{29CC3658-153F-4D89-8169-B66AA323FE89}"
EndProject
Global
	GlobalSection(SolutionConfigurationPlatforms) = preSolution
		Debug|Any CPU = Debug|Any CPU
		Release|Any CPU = Release|Any CPU
	EndGlobalSection
	GlobalSection(ProjectConfigurationPlatforms) = postSolution
		{719F6077-127D-449C-A028-0D37AEC88577}.Debug|Any CPU.ActiveCfg = Debug|Any CPU
		{719F6077-127D-449C-A028-0D37AEC88577}.Debug|Any CPU.Build.0 = Debug|Any CPU
		{719F6077-127D-449C-A028-0D37AEC88577}.Release|Any CPU.ActiveCfg = Release|Any CPU
		{719F6077-127D-449C-A028-0D37AEC88577}.Release|Any CPU.Build.0 = Release|Any CPU
		{29CC3658-153F-4D89-8169-B66AA323FE89}.Debug|Any CPU.ActiveCfg = Debug|Any CPU
		{29CC3658-153F-4D89-8169-B66AA323FE89}.Debug|Any CPU.Build.0 = Debug|Any CPU
		{29CC3658-153F-4D89-8169-B66AA323FE89}.Release|Any CPU.ActiveCfg = Release|Any CPU
		{29CC3658-153F-4D89-8169-B66AA323FE89}.Release|Any CPU.Build.0 = Release|Any CPU
	EndGlobalSection
	GlobalSection(SolutionProperties) = preSolution
		HideSolutionNode = FALSE
	EndGlobalSection
	GlobalSection(ExtensibilityGlobals) = postSolution
		SolutionGuid = {6DBC2E34-AD0B-4BB7-90EF-BE9C8A4BA1E9}
	EndGlobalSection
EndGlobal
