
Microsoft Visual Studio Solution File, Format Version 12.00
# Visual Studio Version 16
VisualStudioVersion = 16.0.29709.97
MinimumVisualStudioVersion = 10.0.40219.1
Project("{FAE04EC0-301F-11D3-BF4B-00C04F79EFBC}") = "MyUtil.NET35", "examples\MyUtil.NET35\MyUtil.NET35.csproj", "{C68DCE03-3FC3-4714-AE59-A7AD3F41B462}"
EndProject
Project("{FAE04EC0-301F-11D3-BF4B-00C04F79EFBC}") = "MyUtil.NET45MONO", "examples\MyUtil.NET45MONO\MyUtil.NET45MONO.csproj", "{23B97917-E0D3-4F5D-A61D-ED9C3160CF2D}"
EndProject
Project("{FAE04EC0-301F-11D3-BF4B-00C04F79EFBC}") = "MyUtil.NET48", "examples\MyUtil.NET48\MyUtil.NET48.csproj", "{A8451D10-637E-4760-8EAD-DE43363E7386}"
EndProject
Project("{FAE04EC0-301F-11D3-BF4B-00C04F79EFBC}") = "MyUtil.NET452", "examples\MyUtil.NET452\MyUtil.NET452.csproj", "{FA98CA68-6BAF-4590-843A-956721C5696F}"
EndProject
Project("{FAE04EC0-301F-11D3-BF4B-00C04F79EFBC}") = "MyUtil.NET461", "examples\MyUtil.NET461\MyUtil.NET461.csproj", "{15DCBFA9-853D-46E5-8EE1-B6AFE2F80182}"
EndProject
Project("{FAE04EC0-301F-11D3-BF4B-00C04F79EFBC}") = "MyUtil.NET462", "examples\MyUtil.NET462\MyUtil.NET462.csproj", "{7D29195E-F089-4E37-9DE4-5AF4F005973B}"
EndProject
Project("{9A19103F-16F7-4668-BE54-9A1E7A4F7556}") = "MyUtil.NETCOREAPP10", "examples\MyUtil.NETCOREAPP10\MyUtil.NETCOREAPP10.csproj", "{EE4F0B72-83A6-49E6-AE8B-C4613EFC3429}"
EndProject
Project("{9A19103F-16F7-4668-BE54-9A1E7A4F7556}") = "MyUtil.NETCOREAPP11", "examples\MyUtil.NETCOREAPP11\MyUtil.NETCOREAPP11.csproj", "{7866DABB-E87B-425F-9899-31D4860B73B8}"
EndProject
Project("{9A19103F-16F7-4668-BE54-9A1E7A4F7556}") = "MyUtil.NETCOREAPP20", "examples\MyUtil.NETCOREAPP20\MyUtil.NETCOREAPP20.csproj", "{344351F3-8571-4BC9-9407-8B7EE08251DD}"
EndProject
Project("{9A19103F-16F7-4668-BE54-9A1E7A4F7556}") = "MyUtil.NETCOREAPP30", "examples\MyUtil.NETCOREAPP30\MyUtil.NETCOREAPP30.csproj", "{D1C0DE67-CAD0-40DB-B7BF-4EDE8903EF76}"
EndProject
Global
	GlobalSection(SolutionConfigurationPlatforms) = preSolution
		Debug|Any CPU = Debug|Any CPU
		Release|Any CPU = Release|Any CPU
	EndGlobalSection
	GlobalSection(ProjectConfigurationPlatforms) = postSolution
		{C68DCE03-3FC3-4714-AE59-A7AD3F41B462}.Debug|Any CPU.ActiveCfg = Debug|Any CPU
		{C68DCE03-3FC3-4714-AE59-A7AD3F41B462}.Debug|Any CPU.Build.0 = Debug|Any CPU
		{C68DCE03-3FC3-4714-AE59-A7AD3F41B462}.Release|Any CPU.ActiveCfg = Release|Any CPU
		{C68DCE03-3FC3-4714-AE59-A7AD3F41B462}.Release|Any CPU.Build.0 = Release|Any CPU
		{23B97917-E0D3-4F5D-A61D-ED9C3160CF2D}.Debug|Any CPU.ActiveCfg = Debug|Any CPU
		{23B97917-E0D3-4F5D-A61D-ED9C3160CF2D}.Debug|Any CPU.Build.0 = Debug|Any CPU
		{23B97917-E0D3-4F5D-A61D-ED9C3160CF2D}.Release|Any CPU.ActiveCfg = Release|Any CPU
		{23B97917-E0D3-4F5D-A61D-ED9C3160CF2D}.Release|Any CPU.Build.0 = Release|Any CPU
		{A8451D10-637E-4760-8EAD-DE43363E7386}.Debug|Any CPU.ActiveCfg = Debug|Any CPU
		{A8451D10-637E-4760-8EAD-DE43363E7386}.Debug|Any CPU.Build.0 = Debug|Any CPU
		{A8451D10-637E-4760-8EAD-DE43363E7386}.Release|Any CPU.ActiveCfg = Release|Any CPU
		{A8451D10-637E-4760-8EAD-DE43363E7386}.Release|Any CPU.Build.0 = Release|Any CPU
		{FA98CA68-6BAF-4590-843A-956721C5696F}.Debug|Any CPU.ActiveCfg = Debug|Any CPU
		{FA98CA68-6BAF-4590-843A-956721C5696F}.Debug|Any CPU.Build.0 = Debug|Any CPU
		{FA98CA68-6BAF-4590-843A-956721C5696F}.Release|Any CPU.ActiveCfg = Release|Any CPU
		{FA98CA68-6BAF-4590-843A-956721C5696F}.Release|Any CPU.Build.0 = Release|Any CPU
		{15DCBFA9-853D-46E5-8EE1-B6AFE2F80182}.Debug|Any CPU.ActiveCfg = Debug|Any CPU
		{15DCBFA9-853D-46E5-8EE1-B6AFE2F80182}.Debug|Any CPU.Build.0 = Debug|Any CPU
		{15DCBFA9-853D-46E5-8EE1-B6AFE2F80182}.Release|Any CPU.ActiveCfg = Release|Any CPU
		{15DCBFA9-853D-46E5-8EE1-B6AFE2F80182}.Release|Any CPU.Build.0 = Release|Any CPU
		{7D29195E-F089-4E37-9DE4-5AF4F005973B}.Debug|Any CPU.ActiveCfg = Debug|Any CPU
		{7D29195E-F089-4E37-9DE4-5AF4F005973B}.Debug|Any CPU.Build.0 = Debug|Any CPU
		{7D29195E-F089-4E37-9DE4-5AF4F005973B}.Release|Any CPU.ActiveCfg = Release|Any CPU
		{7D29195E-F089-4E37-9DE4-5AF4F005973B}.Release|Any CPU.Build.0 = Release|Any CPU
		{EE4F0B72-83A6-49E6-AE8B-C4613EFC3429}.Debug|Any CPU.ActiveCfg = Debug|Any CPU
		{EE4F0B72-83A6-49E6-AE8B-C4613EFC3429}.Debug|Any CPU.Build.0 = Debug|Any CPU
		{EE4F0B72-83A6-49E6-AE8B-C4613EFC3429}.Release|Any CPU.ActiveCfg = Release|Any CPU
		{EE4F0B72-83A6-49E6-AE8B-C4613EFC3429}.Release|Any CPU.Build.0 = Release|Any CPU
		{7866DABB-E87B-425F-9899-31D4860B73B8}.Debug|Any CPU.ActiveCfg = Debug|Any CPU
		{7866DABB-E87B-425F-9899-31D4860B73B8}.Debug|Any CPU.Build.0 = Debug|Any CPU
		{7866DABB-E87B-425F-9899-31D4860B73B8}.Release|Any CPU.ActiveCfg = Release|Any CPU
		{7866DABB-E87B-425F-9899-31D4860B73B8}.Release|Any CPU.Build.0 = Release|Any CPU
		{344351F3-8571-4BC9-9407-8B7EE08251DD}.Debug|Any CPU.ActiveCfg = Debug|Any CPU
		{344351F3-8571-4BC9-9407-8B7EE08251DD}.Debug|Any CPU.Build.0 = Debug|Any CPU
		{344351F3-8571-4BC9-9407-8B7EE08251DD}.Release|Any CPU.ActiveCfg = Release|Any CPU
		{344351F3-8571-4BC9-9407-8B7EE08251DD}.Release|Any CPU.Build.0 = Release|Any CPU
		{D1C0DE67-CAD0-40DB-B7BF-4EDE8903EF76}.Debug|Any CPU.ActiveCfg = Debug|Any CPU
		{D1C0DE67-CAD0-40DB-B7BF-4EDE8903EF76}.Debug|Any CPU.Build.0 = Debug|Any CPU
		{D1C0DE67-CAD0-40DB-B7BF-4EDE8903EF76}.Release|Any CPU.ActiveCfg = Release|Any CPU
		{D1C0DE67-CAD0-40DB-B7BF-4EDE8903EF76}.Release|Any CPU.Build.0 = Release|Any CPU
	EndGlobalSection
	GlobalSection(SolutionProperties) = preSolution
		HideSolutionNode = FALSE
	EndGlobalSection
	GlobalSection(ExtensibilityGlobals) = postSolution
		SolutionGuid = {EC37DF4A-32C4-4BA0-9DC1-8CD362726065}
	EndGlobalSection
EndGlobal
