
Microsoft Visual Studio Solution File, Format Version 12.00
# Visual Studio 15
VisualStudioVersion = 15.0.26730.12
MinimumVisualStudioVersion = 10.0.40219.1
Project("{9A19103F-16F7-4668-BE54-9A1E7A4F7556}") = "MyUtil.NET461", "MyUtil.NET461\MyUtil.NET461.csproj", "{9F43FB22-6011-427B-A24E-980AFCA08362}"
EndProject
Project("{9A19103F-16F7-4668-BE54-9A1E7A4F7556}") = "MyUtil.NET35", "MyUtil.NET35\MyUtil.NET35.csproj", "{A52E4E45-82A6-4AA6-9E9C-4BF3FEB9AE5D}"
EndProject
Project("{9A19103F-16F7-4668-BE54-9A1E7A4F7556}") = "MyUtil.NET452", "MyUtil.NET452\MyUtil.NET452.csproj", "{9902372E-CC81-4C26-971D-5E983E77FB89}"
EndProject
Project("{9A19103F-16F7-4668-BE54-9A1E7A4F7556}") = "MyUtil.NET45MONO", "MyUtil.NET45MONO\MyUtil.NET45MONO.csproj", "{F9BFE265-9BD0-48FC-B525-189653712206}"
EndProject
Project("{9A19103F-16F7-4668-BE54-9A1E7A4F7556}") = "MyUtil.NET462", "MyUtil.NET462\MyUtil.NET462.csproj", "{AB15035E-74FB-4167-9E6D-3773307ABF79}"
EndProject
Project("{FAE04EC0-301F-11D3-BF4B-00C04F79EFBC}") = "MyUtil.NETCOREAPP20", "MyUtil.NETCOREAPP20\MyUtil.NETCOREAPP20.csproj", "{02023827-65F7-47D0-A617-C9AF87A6A74C}"
EndProject
Project("{9A19103F-16F7-4668-BE54-9A1E7A4F7556}") = "MyUtil.NETCOREAPP10", "MyUtil.NETCOREAPP10\MyUtil.NETCOREAPP10.csproj", "{B8D9997F-60D5-4E55-A628-053A41F1A62F}"
EndProject
Project("{9A19103F-16F7-4668-BE54-9A1E7A4F7556}") = "MyUtil.NETCOREAPP11", "MyUtil.NETCOREAPP11\MyUtil.NETCOREAPP11.csproj", "{D4F3E244-97C4-4958-BC67-07127A1CC39E}"
EndProject
Global
	GlobalSection(SolutionConfigurationPlatforms) = preSolution
		Debug|Any CPU = Debug|Any CPU
		Release|Any CPU = Release|Any CPU
	EndGlobalSection
	GlobalSection(ProjectConfigurationPlatforms) = postSolution
		{9F43FB22-6011-427B-A24E-980AFCA08362}.Debug|Any CPU.ActiveCfg = Debug|Any CPU
		{9F43FB22-6011-427B-A24E-980AFCA08362}.Debug|Any CPU.Build.0 = Debug|Any CPU
		{9F43FB22-6011-427B-A24E-980AFCA08362}.Release|Any CPU.ActiveCfg = Release|Any CPU
		{9F43FB22-6011-427B-A24E-980AFCA08362}.Release|Any CPU.Build.0 = Release|Any CPU
		{A52E4E45-82A6-4AA6-9E9C-4BF3FEB9AE5D}.Debug|Any CPU.ActiveCfg = Debug|Any CPU
		{A52E4E45-82A6-4AA6-9E9C-4BF3FEB9AE5D}.Debug|Any CPU.Build.0 = Debug|Any CPU
		{A52E4E45-82A6-4AA6-9E9C-4BF3FEB9AE5D}.Release|Any CPU.ActiveCfg = Release|Any CPU
		{A52E4E45-82A6-4AA6-9E9C-4BF3FEB9AE5D}.Release|Any CPU.Build.0 = Release|Any CPU
		{9902372E-CC81-4C26-971D-5E983E77FB89}.Debug|Any CPU.ActiveCfg = Debug|Any CPU
		{9902372E-CC81-4C26-971D-5E983E77FB89}.Debug|Any CPU.Build.0 = Debug|Any CPU
		{9902372E-CC81-4C26-971D-5E983E77FB89}.Release|Any CPU.ActiveCfg = Release|Any CPU
		{9902372E-CC81-4C26-971D-5E983E77FB89}.Release|Any CPU.Build.0 = Release|Any CPU
		{F9BFE265-9BD0-48FC-B525-189653712206}.Debug|Any CPU.ActiveCfg = Debug|Any CPU
		{F9BFE265-9BD0-48FC-B525-189653712206}.Debug|Any CPU.Build.0 = Debug|Any CPU
		{F9BFE265-9BD0-48FC-B525-189653712206}.Release|Any CPU.ActiveCfg = Release|Any CPU
		{F9BFE265-9BD0-48FC-B525-189653712206}.Release|Any CPU.Build.0 = Release|Any CPU
		{AB15035E-74FB-4167-9E6D-3773307ABF79}.Debug|Any CPU.ActiveCfg = Debug|Any CPU
		{AB15035E-74FB-4167-9E6D-3773307ABF79}.Debug|Any CPU.Build.0 = Debug|Any CPU
		{AB15035E-74FB-4167-9E6D-3773307ABF79}.Release|Any CPU.ActiveCfg = Release|Any CPU
		{AB15035E-74FB-4167-9E6D-3773307ABF79}.Release|Any CPU.Build.0 = Release|Any CPU
		{02023827-65F7-47D0-A617-C9AF87A6A74C}.Debug|Any CPU.ActiveCfg = Debug|Any CPU
		{02023827-65F7-47D0-A617-C9AF87A6A74C}.Debug|Any CPU.Build.0 = Debug|Any CPU
		{02023827-65F7-47D0-A617-C9AF87A6A74C}.Release|Any CPU.ActiveCfg = Release|Any CPU
		{02023827-65F7-47D0-A617-C9AF87A6A74C}.Release|Any CPU.Build.0 = Release|Any CPU
		{B8D9997F-60D5-4E55-A628-053A41F1A62F}.Debug|Any CPU.ActiveCfg = Debug|Any CPU
		{B8D9997F-60D5-4E55-A628-053A41F1A62F}.Debug|Any CPU.Build.0 = Debug|Any CPU
		{B8D9997F-60D5-4E55-A628-053A41F1A62F}.Release|Any CPU.ActiveCfg = Release|Any CPU
		{B8D9997F-60D5-4E55-A628-053A41F1A62F}.Release|Any CPU.Build.0 = Release|Any CPU
		{D4F3E244-97C4-4958-BC67-07127A1CC39E}.Debug|Any CPU.ActiveCfg = Debug|Any CPU
		{D4F3E244-97C4-4958-BC67-07127A1CC39E}.Debug|Any CPU.Build.0 = Debug|Any CPU
		{D4F3E244-97C4-4958-BC67-07127A1CC39E}.Release|Any CPU.ActiveCfg = Release|Any CPU
		{D4F3E244-97C4-4958-BC67-07127A1CC39E}.Release|Any CPU.Build.0 = Release|Any CPU
	EndGlobalSection
	GlobalSection(SolutionProperties) = preSolution
		HideSolutionNode = FALSE
	EndGlobalSection
	GlobalSection(ExtensibilityGlobals) = postSolution
		SolutionGuid = {E91815E0-5A54-44D8-B4C7-C4B65C4ED0D6}
	EndGlobalSection
EndGlobal
