
Microsoft Visual Studio Solution File, Format Version 12.00
# Visual Studio 2012
Project("{FAE04EC0-301F-11D3-BF4B-00C04F79EFBC}") = "NCmdLiner", "NCmdLiner\NCmdLiner.csproj", "{EBDA72AD-5D40-461E-972A-8C66B8CF8447}"
EndProject
Project("{FAE04EC0-301F-11D3-BF4B-00C04F79EFBC}") = "NCmdLiner.Tests", "NCmdLiner.Tests\NCmdLiner.Tests.csproj", "{40DF9A61-80D0-4577-AABF-94236342A1CF}"
EndProject
Project("{FAE04EC0-301F-11D3-BF4B-00C04F79EFBC}") = "NCmdLiner.Example", "NCmdLiner.Example\NCmdLiner.Example.csproj", "{58259EF3-1969-4C52-A939-4C9541DBF447}"
EndProject
Global
	GlobalSection(SolutionConfigurationPlatforms) = preSolution
		Debug|Any CPU = Debug|Any CPU
		Release|Any CPU = Release|Any CPU
	EndGlobalSection
	GlobalSection(ProjectConfigurationPlatforms) = postSolution
		{EBDA72AD-5D40-461E-972A-8C66B8CF8447}.Debug|Any CPU.ActiveCfg = Debug|Any CPU
		{EBDA72AD-5D40-461E-972A-8C66B8CF8447}.Debug|Any CPU.Build.0 = Debug|Any CPU
		{EBDA72AD-5D40-461E-972A-8C66B8CF8447}.Release|Any CPU.ActiveCfg = Release|Any CPU
		{EBDA72AD-5D40-461E-972A-8C66B8CF8447}.Release|Any CPU.Build.0 = Release|Any CPU
		{40DF9A61-80D0-4577-AABF-94236342A1CF}.Debug|Any CPU.ActiveCfg = Debug|Any CPU
		{40DF9A61-80D0-4577-AABF-94236342A1CF}.Debug|Any CPU.Build.0 = Debug|Any CPU
		{40DF9A61-80D0-4577-AABF-94236342A1CF}.Release|Any CPU.ActiveCfg = Release|Any CPU
		{40DF9A61-80D0-4577-AABF-94236342A1CF}.Release|Any CPU.Build.0 = Release|Any CPU
		{58259EF3-1969-4C52-A939-4C9541DBF447}.Debug|Any CPU.ActiveCfg = Debug|Any CPU
		{58259EF3-1969-4C52-A939-4C9541DBF447}.Debug|Any CPU.Build.0 = Debug|Any CPU
		{58259EF3-1969-4C52-A939-4C9541DBF447}.Release|Any CPU.ActiveCfg = Release|Any CPU
		{58259EF3-1969-4C52-A939-4C9541DBF447}.Release|Any CPU.Build.0 = Release|Any CPU
	EndGlobalSection
	GlobalSection(SolutionProperties) = preSolution
		HideSolutionNode = FALSE
	EndGlobalSection
EndGlobal
